
Microsoft Visual Studio Solution File, Format Version 12.00
# Visual Studio Version 17
VisualStudioVersion = 17.13.35818.85 d17.13
MinimumVisualStudioVersion = 10.0.40219.1
Project("{FAE04EC0-301F-11D3-BF4B-00C04F79EFBC}") = "SymulatorRakiety", "SymulatorRakiety\SymulatorRakiety.csproj", "{DD6A12FE-34C9-425D-9419-1205FC688EF2}"
EndProject
Global
	GlobalSection(SolutionConfigurationPlatforms) = preSolution
		Debug|Any CPU = Debug|Any CPU
		Release|Any CPU = Release|Any CPU
	EndGlobalSection
	GlobalSection(ProjectConfigurationPlatforms) = postSolution
		{DD6A12FE-34C9-425D-9419-1205FC688EF2}.Debug|Any CPU.ActiveCfg = Debug|Any CPU
		{DD6A12FE-34C9-425D-9419-1205FC688EF2}.Debug|Any CPU.Build.0 = Debug|Any CPU
		{DD6A12FE-34C9-425D-9419-1205FC688EF2}.Release|Any CPU.ActiveCfg = Release|Any CPU
		{DD6A12FE-34C9-425D-9419-1205FC688EF2}.Release|Any CPU.Build.0 = Release|Any CPU
	EndGlobalSection
	GlobalSection(SolutionProperties) = preSolution
		HideSolutionNode = FALSE
	EndGlobalSection
	GlobalSection(ExtensibilityGlobals) = postSolution
		SolutionGuid = {753DD0C4-1263-4A02-A949-C308740FB49D}
	EndGlobalSection
EndGlobal
